
Microsoft Visual Studio Solution File, Format Version 12.00
# Visual Studio Version 17
VisualStudioVersion = 17.14.36616.10 d17.14
MinimumVisualStudioVersion = 10.0.40219.1
Project("{FAE04EC0-301F-11D3-BF4B-00C04F79EFBC}") = "EnjeksiyonOtomasyon", "EnjeksiyonOtomasyon.csproj", "{D279DF5D-EE8E-4036-9363-4D1DD8B4D447}"
EndProject
Global
	GlobalSection(SolutionConfigurationPlatforms) = preSolution
		Debug|Any CPU = Debug|Any CPU
		Release|Any CPU = Release|Any CPU
	EndGlobalSection
	GlobalSection(ProjectConfigurationPlatforms) = postSolution
		{D279DF5D-EE8E-4036-9363-4D1DD8B4D447}.Debug|Any CPU.ActiveCfg = Debug|Any CPU
		{D279DF5D-EE8E-4036-9363-4D1DD8B4D447}.Debug|Any CPU.Build.0 = Debug|Any CPU
		{D279DF5D-EE8E-4036-9363-4D1DD8B4D447}.Release|Any CPU.ActiveCfg = Release|Any CPU
		{D279DF5D-EE8E-4036-9363-4D1DD8B4D447}.Release|Any CPU.Build.0 = Release|Any CPU
	EndGlobalSection
	GlobalSection(SolutionProperties) = preSolution
		HideSolutionNode = FALSE
	EndGlobalSection
	GlobalSection(ExtensibilityGlobals) = postSolution
		SolutionGuid = {EED53AD6-57A0-4DBF-9006-167EFAAE78E1}
	EndGlobalSection
EndGlobal
